
Microsoft Visual Studio Solution File, Format Version 12.00
# Visual Studio 2012
Project("{FAE04EC0-301F-11D3-BF4B-00C04F79EFBC}") = "crashCourseGUI", "crashCourseGUI\crashCourseGUI.csproj", "{BBBE361B-D10B-4E93-AB3E-B88C8B59AFB1}"
EndProject
Global
	GlobalSection(SolutionConfigurationPlatforms) = preSolution
		Debug|Any CPU = Debug|Any CPU
		Release|Any CPU = Release|Any CPU
	EndGlobalSection
	GlobalSection(ProjectConfigurationPlatforms) = postSolution
		{BBBE361B-D10B-4E93-AB3E-B88C8B59AFB1}.Debug|Any CPU.ActiveCfg = Debug|Any CPU
		{BBBE361B-D10B-4E93-AB3E-B88C8B59AFB1}.Debug|Any CPU.Build.0 = Debug|Any CPU
		{BBBE361B-D10B-4E93-AB3E-B88C8B59AFB1}.Release|Any CPU.ActiveCfg = Release|Any CPU
		{BBBE361B-D10B-4E93-AB3E-B88C8B59AFB1}.Release|Any CPU.Build.0 = Release|Any CPU
	EndGlobalSection
	GlobalSection(SolutionProperties) = preSolution
		HideSolutionNode = FALSE
	EndGlobalSection
EndGlobal
